
Microsoft Visual Studio Solution File, Format Version 12.00
# Visual Studio Version 17
VisualStudioVersion = 17.0.32112.339
MinimumVisualStudioVersion = 10.0.40219.1
Project("{FAE04EC0-301F-11D3-BF4B-00C04F79EFBC}") = "Var 9 Momotov Vova", "Var 9 Momotov Vova\Var 9 Momotov Vova.csproj", "{B9E4BF85-17D5-47A7-B680-E3CE27F97133}"
EndProject
Global
	GlobalSection(SolutionConfigurationPlatforms) = preSolution
		Debug|Any CPU = Debug|Any CPU
		Release|Any CPU = Release|Any CPU
	EndGlobalSection
	GlobalSection(ProjectConfigurationPlatforms) = postSolution
		{B9E4BF85-17D5-47A7-B680-E3CE27F97133}.Debug|Any CPU.ActiveCfg = Debug|Any CPU
		{B9E4BF85-17D5-47A7-B680-E3CE27F97133}.Debug|Any CPU.Build.0 = Debug|Any CPU
		{B9E4BF85-17D5-47A7-B680-E3CE27F97133}.Release|Any CPU.ActiveCfg = Release|Any CPU
		{B9E4BF85-17D5-47A7-B680-E3CE27F97133}.Release|Any CPU.Build.0 = Release|Any CPU
	EndGlobalSection
	GlobalSection(SolutionProperties) = preSolution
		HideSolutionNode = FALSE
	EndGlobalSection
	GlobalSection(ExtensibilityGlobals) = postSolution
		SolutionGuid = {A0019822-EE3C-4C4F-A313-2C78719073E1}
	EndGlobalSection
EndGlobal
